
Microsoft Visual Studio Solution File, Format Version 12.00
# Visual Studio 14
VisualStudioVersion = 14.0.25420.1
MinimumVisualStudioVersion = 10.0.40219.1
Project("{8BC9CEB8-8B4A-11D0-8D11-00A0C91BC942}") = "LuaTest", "LuaTest\LuaTest.vcxproj", "{EBBAC138-1903-456D-A790-55B799EB4509}"
EndProject
Project("{8BC9CEB8-8B4A-11D0-8D11-00A0C91BC942}") = "PcscApduTest", "PcscApduTest\PcscApduTest.vcxproj", "{E3071511-E709-491B-998A-2071E1C1E709}"
EndProject
Project("{8BC9CEB8-8B4A-11D0-8D11-00A0C91BC942}") = "DllTest", "DllTest\DllTest.vcxproj", "{3220ABDA-02E4-47EB-8FA5-7DA7354A541B}"
EndProject
Global
	GlobalSection(SolutionConfigurationPlatforms) = preSolution
		Debug|x64 = Debug|x64
		Debug|x86 = Debug|x86
		Release|x64 = Release|x64
		Release|x86 = Release|x86
	EndGlobalSection
	GlobalSection(ProjectConfigurationPlatforms) = postSolution
		{EBBAC138-1903-456D-A790-55B799EB4509}.Debug|x64.ActiveCfg = Debug|x64
		{EBBAC138-1903-456D-A790-55B799EB4509}.Debug|x64.Build.0 = Debug|x64
		{EBBAC138-1903-456D-A790-55B799EB4509}.Debug|x86.ActiveCfg = Debug|Win32
		{EBBAC138-1903-456D-A790-55B799EB4509}.Debug|x86.Build.0 = Debug|Win32
		{EBBAC138-1903-456D-A790-55B799EB4509}.Release|x64.ActiveCfg = Release|x64
		{EBBAC138-1903-456D-A790-55B799EB4509}.Release|x64.Build.0 = Release|x64
		{EBBAC138-1903-456D-A790-55B799EB4509}.Release|x86.ActiveCfg = Release|Win32
		{EBBAC138-1903-456D-A790-55B799EB4509}.Release|x86.Build.0 = Release|Win32
		{E3071511-E709-491B-998A-2071E1C1E709}.Debug|x64.ActiveCfg = Debug|x64
		{E3071511-E709-491B-998A-2071E1C1E709}.Debug|x64.Build.0 = Debug|x64
		{E3071511-E709-491B-998A-2071E1C1E709}.Debug|x86.ActiveCfg = Debug|Win32
		{E3071511-E709-491B-998A-2071E1C1E709}.Debug|x86.Build.0 = Debug|Win32
		{E3071511-E709-491B-998A-2071E1C1E709}.Release|x64.ActiveCfg = Release|x64
		{E3071511-E709-491B-998A-2071E1C1E709}.Release|x64.Build.0 = Release|x64
		{E3071511-E709-491B-998A-2071E1C1E709}.Release|x86.ActiveCfg = Release|Win32
		{E3071511-E709-491B-998A-2071E1C1E709}.Release|x86.Build.0 = Release|Win32
		{3220ABDA-02E4-47EB-8FA5-7DA7354A541B}.Debug|x64.ActiveCfg = Debug|x64
		{3220ABDA-02E4-47EB-8FA5-7DA7354A541B}.Debug|x64.Build.0 = Debug|x64
		{3220ABDA-02E4-47EB-8FA5-7DA7354A541B}.Debug|x86.ActiveCfg = Debug|Win32
		{3220ABDA-02E4-47EB-8FA5-7DA7354A541B}.Debug|x86.Build.0 = Debug|Win32
		{3220ABDA-02E4-47EB-8FA5-7DA7354A541B}.Release|x64.ActiveCfg = Release|x64
		{3220ABDA-02E4-47EB-8FA5-7DA7354A541B}.Release|x64.Build.0 = Release|x64
		{3220ABDA-02E4-47EB-8FA5-7DA7354A541B}.Release|x86.ActiveCfg = Release|Win32
		{3220ABDA-02E4-47EB-8FA5-7DA7354A541B}.Release|x86.Build.0 = Release|Win32
	EndGlobalSection
	GlobalSection(SolutionProperties) = preSolution
		HideSolutionNode = FALSE
	EndGlobalSection
EndGlobal
